// !$*UTF8*$!
{
	archiveVersion = 1;
	classes = {
	};
	objectVersion = 50;
	objects = {

/* Begin PBXBuildFile section */
		38A5CFFC211940E60061EA85 /* AppDelegate.swift in Sources */ = {isa = PBXBuildFile; fileRef = 38A5CFFB211940E60061EA85 /* AppDelegate.swift */; };
		38A5CFFE211940E60061EA85 /* ColorPresenterViewController.swift in Sources */ = {isa = PBXBuildFile; fileRef = 38A5CFFD211940E60061EA85 /* ColorPresenterViewController.swift */; };
		38A5D001211940E60061EA85 /* Main.storyboard in Resources */ = {isa = PBXBuildFile; fileRef = 38A5CFFF211940E60061EA85 /* Main.storyboard */; };
		38A5D003211940E80061EA85 /* Assets.xcassets in Resources */ = {isa = PBXBuildFile; fileRef = 38A5D002211940E80061EA85 /* Assets.xcassets */; };
		38A5D006211940E80061EA85 /* LaunchScreen.storyboard in Resources */ = {isa = PBXBuildFile; fileRef = 38A5D004211940E80061EA85 /* LaunchScreen.storyboard */; };
		38A5D00E2119470A0061EA85 /* ColorPickerViewController.swift in Sources */ = {isa = PBXBuildFile; fileRef = 38A5D00D2119470A0061EA85 /* ColorPickerViewController.swift */; };
		38A5D010211A5E060061EA85 /* ColorTransferDelegate.swift in Sources */ = {isa = PBXBuildFile; fileRef = 38A5D00F211A5E060061EA85 /* ColorTransferDelegate.swift */; };
/* End PBXBuildFile section */

/* Begin PBXFileReference section */
		38A5CFF8211940E60061EA85 /* Color Magic.app */ = {isa = PBXFileReference; explicitFileType = wrapper.application; includeInIndex = 0; path = "Color Magic.app"; sourceTree = BUILT_PRODUCTS_DIR; };
		38A5CFFB211940E60061EA85 /* AppDelegate.swift */ = {isa = PBXFileReference; lastKnownFileType = sourcecode.swift; path = AppDelegate.swift; sourceTree = "<group>"; };
		38A5CFFD211940E60061EA85 /* ColorPresenterViewController.swift */ = {isa = PBXFileReference; lastKnownFileType = sourcecode.swift; path = ColorPresenterViewController.swift; sourceTree = "<group>"; };
		38A5D000211940E60061EA85 /* Base */ = {isa = PBXFileReference; lastKnownFileType = file.storyboard; name = Base; path = Base.lproj/Main.storyboard; sourceTree = "<group>"; };
		38A5D002211940E80061EA85 /* Assets.xcassets */ = {isa = PBXFileReference; lastKnownFileType = folder.assetcatalog; path = Assets.xcassets; sourceTree = "<group>"; };
		38A5D005211940E80061EA85 /* Base */ = {isa = PBXFileReference; lastKnownFileType = file.storyboard; name = Base; path = Base.lproj/LaunchScreen.storyboard; sourceTree = "<group>"; };
		38A5D007211940E80061EA85 /* Info.plist */ = {isa = PBXFileReference; lastKnownFileType = text.plist.xml; path = Info.plist; sourceTree = "<group>"; };
		38A5D00D2119470A0061EA85 /* ColorPickerViewController.swift */ = {isa = PBXFileReference; lastKnownFileType = sourcecode.swift; path = ColorPickerViewController.swift; sourceTree = "<group>"; };
		38A5D00F211A5E060061EA85 /* ColorTransferDelegate.swift */ = {isa = PBXFileReference; lastKnownFileType = sourcecode.swift; path = ColorTransferDelegate.swift; sourceTree = "<group>"; };
/* End PBXFileReference section */

/* Begin PBXFrameworksBuildPhase section */
		38A5CFF5211940E60061EA85 /* Frameworks */ = {
			isa = PBXFrameworksBuildPhase;
			buildActionMask = 2147483647;
			files = (
			);
			runOnlyForDeploymentPostprocessing = 0;
		};
/* End PBXFrameworksBuildPhase section */

/* Begin PBXGroup section */
		38A5CFEF211940E60061EA85 = {
			isa = PBXGroup;
			children = (
				38A5CFFA211940E60061EA85 /* Color Magic */,
				38A5CFF9211940E60061EA85 /* Products */,
			);
			sourceTree = "<group>";
		};
		38A5CFF9211940E60061EA85 /* Products */ = {
			isa = PBXGroup;
			children = (
				38A5CFF8211940E60061EA85 /* Color Magic.app */,
			);
			name = Products;
			sourceTree = "<group>";
		};
		38A5CFFA211940E60061EA85 /* Color Magic */ = {
			isa = PBXGroup;
			children = (
				38A5CFFB211940E60061EA85 /* AppDelegate.swift */,
				38A5CFFD211940E60061EA85 /* ColorPresenterViewController.swift */,
				38A5D00D2119470A0061EA85 /* ColorPickerViewController.swift */,
				38A5D00F211A5E060061EA85 /* ColorTransferDelegate.swift */,
				38A5CFFF211940E60061EA85 /* Main.storyboard */,
				38A5D002211940E80061EA85 /* Assets.xcassets */,
				38A5D004211940E80061EA85 /* LaunchScreen.storyboard */,
				38A5D007211940E80061EA85 /* Info.plist */,
			);
			path = "Color Magic";
			sourceTree = "<group>";
		};
/* End PBXGroup section */

/* Begin PBXNativeTarget section */
		38A5CFF7211940E60061EA85 /* Color Magic */ = {
			isa = PBXNativeTarget;
			buildConfigurationList = 38A5D00A211940E80061EA85 /* Build configuration list for PBXNativeTarget "Color Magic" */;
			buildPhases = (
				38A5CFF4211940E60061EA85 /* Sources */,
				38A5CFF5211940E60061EA85 /* Frameworks */,
				38A5CFF6211940E60061EA85 /* Resources */,
			);
			buildRules = (
			);
			dependencies = (
			);
			name = "Color Magic";
			productName = "Color Magic";
			productReference = 38A5CFF8211940E60061EA85 /* Color Magic.app */;
			productType = "com.apple.product-type.application";
		};
/* End PBXNativeTarget section */

/* Begin PBXProject section */
		38A5CFF0211940E60061EA85 /* Project object */ = {
			isa = PBXProject;
			attributes = {
				LastSwiftUpdateCheck = 0940;
				LastUpgradeCheck = 0940;
				ORGANIZATIONNAME = Devslopes;
				TargetAttributes = {
					38A5CFF7211940E60061EA85 = {
						CreatedOnToolsVersion = 9.4.1;
					};
				};
			};
			buildConfigurationList = 38A5CFF3211940E60061EA85 /* Build configuration list for PBXProject "Color Magic" */;
			compatibilityVersion = "Xcode 9.3";
			developmentRegion = en;
			hasScannedForEncodings = 0;
			knownRegions = (
				en,
				Base,
			);
			mainGroup = 38A5CFEF211940E60061EA85;
			productRefGroup = 38A5CFF9211940E60061EA85 /* Products */;
			projectDirPath = "";
			projectRoot = "";
			targets = (
				38A5CFF7211940E60061EA85 /* Color Magic */,
			);
		};
/* End PBXProject section */

/* Begin PBXResourcesBuildPhase section */
		38A5CFF6211940E60061EA85 /* Resources */ = {
			isa = PBXResourcesBuildPhase;
			buildActionMask = 2147483647;
			files = (
				38A5D006211940E80061EA85 /* LaunchScreen.storyboard in Resources */,
				38A5D003211940E80061EA85 /* Assets.xcassets in Resources */,
				38A5D001211940E60061EA85 /* Main.storyboard in Resources */,
			);
			runOnlyForDeploymentPostprocessing = 0;
		};
/* End PBXResourcesBuildPhase section */

/* Begin PBXSourcesBuildPhase section */
		38A5CFF4211940E60061EA85 /* Sources */ = {
			isa = PBXSourcesBuildPhase;
			buildActionMask = 2147483647;
			files = (
				38A5CFFE211940E60061EA85 /* ColorPresenterViewController.swift in Sources */,
				38A5D010211A5E060061EA85 /* ColorTransferDelegate.swift in Sources */,
				38A5CFFC211940E60061EA85 /* AppDelegate.swift in Sources */,
				38A5D00E2119470A0061EA85 /* ColorPickerViewController.swift in Sources */,
			);
			runOnlyForDeploymentPostprocessing = 0;
		};
/* End PBXSourcesBuildPhase section */

/* Begin PBXVariantGroup section */
		38A5CFFF211940E60061EA85 /* Main.storyboard */ = {
			isa = PBXVariantGroup;
			children = (
				38A5D000211940E60061EA85 /* Base */,
			);
			name = Main.storyboard;
			sourceTree = "<group>";
		};
		38A5D004211940E80061EA85 /* LaunchScreen.storyboard */ = {
			isa = PBXVariantGroup;
			children = (
				38A5D005211940E80061EA85 /* Base */,
			);
			name = LaunchScreen.storyboard;
			sourceTree = "<group>";
		};
/* End PBXVariantGroup section */

/* Begin XCBuildConfiguration section */
		38A5D008211940E80061EA85 /* Debug */ = {
			isa = XCBuildConfiguration;
			buildSettings = {
				ALWAYS_SEARCH_USER_PATHS = NO;
				CLANG_ANALYZER_NONNULL = YES;
				CLANG_ANALYZER_NUMBER_OBJECT_CONVERSION = YES_AGGRESSIVE;
				CLANG_CXX_LANGUAGE_STANDARD = "gnu++14";
				CLANG_CXX_LIBRARY = "libc++";
				CLANG_ENABLE_MODULES = YES;
				CLANG_ENABLE_OBJC_ARC = YES;
				CLANG_ENABLE_OBJC_WEAK = YES;
				CLANG_WARN_BLOCK_CAPTURE_AUTORELEASING = YES;
				CLANG_WARN_BOOL_CONVERSION = YES;
				CLANG_WARN_COMMA = YES;
				CLANG_WARN_CONSTANT_CONVERSION = YES;
				CLANG_WARN_DEPRECATED_OBJC_IMPLEMENTATIONS = YES;
				CLANG_WARN_DIRECT_OBJC_ISA_USAGE = YES_ERROR;
				CLANG_WARN_DOCUMENTATION_COMMENTS = YES;
				CLANG_WARN_EMPTY_BODY = YES;
				CLANG_WARN_ENUM_CONVERSION = YES;
				CLANG_WARN_INFINITE_RECURSION = YES;
				CLANG_WARN_INT_CONVERSION = YES;
				CLANG_WARN_NON_LITERAL_NULL_CONVERSION = YES;
				CLANG_WARN_OBJC_IMPLICIT_RETAIN_SELF = YES;
				CLANG_WARN_OBJC_LITERAL_CONVERSION = YES;
				CLANG_WARN_OBJC_ROOT_CLASS = YES_ERROR;
				CLANG_WARN_RANGE_LOOP_ANALYSIS = YES;
				CLANG_WARN_STRICT_PROTOTYPES = YES;
				CLANG_WARN_SUSPICIOUS_MOVE = YES;
				CLANG_WARN_UNGUARDED_AVAILABILITY = YES_AGGRESSIVE;
				CLANG_WARN_UNREACHABLE_CODE = YES;
				CLANG_WARN__DUPLICATE_METHOD_MATCH = YES;
				CODE_SIGN_IDENTITY = "iPhone Developer";
				COPY_PHASE_STRIP = NO;
				DEBUG_INFORMATION_FORMAT = dwarf;
				ENABLE_STRICT_OBJC_MSGSEND = YES;
				ENABLE_TESTABILITY = YES;
				GCC_C_LANGUAGE_STANDARD = gnu11;
				GCC_DYNAMIC_NO_PIC = NO;
				GCC_NO_COMMON_BLOCKS = YES;
				GCC_OPTIMIZATION_LEVEL = 0;
				GCC_PREPROCESSOR_DEFINITIONS = (
					"DEBUG=1",
					"$(inherited)",
				);
				GCC_WARN_64_TO_32_BIT_CONVERSION = YES;
				GCC_WARN_ABOUT_RETURN_TYPE = YES_ERROR;
				GCC_WARN_UNDECLARED_SELECTOR = YES;
				GCC_WARN_UNINITIALIZED_AUTOS = YES_AGGRESSIVE;
				GCC_WARN_UNUSED_FUNCTION = YES;
				GCC_WARN_UNUSED_VARIABLE = YES;
				IPHONEOS_DEPLOYMENT_TARGET = 11.4;
				MTL_ENABLE_DEBUG_INFO = YES;
				ONLY_ACTIVE_ARCH = YES;
				SDKROOT = iphoneos;
				SWIFT_ACTIVE_COMPILATION_CONDITIONS = DEBUG;
				SWIFT_OPTIMIZATION_LEVEL = "-Onone";
			};
			name = Debug;
		};
		38A5D009211940E80061EA85 /* Release */ = {
			isa = XCBuildConfiguration;
			buildSettings = {
				ALWAYS_SEARCH_USER_PATHS = NO;
				CLANG_ANALYZER_NONNULL = YES;
				CLANG_ANALYZER_NUMBER_OBJECT_CONVERSION = YES_AGGRESSIVE;
				CLANG_CXX_LANGUAGE_STANDARD = "gnu++14";
				CLANG_CXX_LIBRARY = "libc++";
				CLANG_ENABLE_MODULES = YES;
				CLANG_ENABLE_OBJC_ARC = YES;
				CLANG_ENABLE_OBJC_WEAK = YES;
				CLANG_WARN_BLOCK_CAPTURE_AUTORELEASING = YES;
				CLANG_WARN_BOOL_CONVERSION = YES;
				CLANG_WARN_COMMA = YES;
				CLANG_WARN_CONSTANT_CONVERSION = YES;
				CLANG_WARN_DEPRECATED_OBJC_IMPLEMENTATIONS = YES;
				CLANG_WARN_DIRECT_OBJC_ISA_USAGE = YES_ERROR;
				CLANG_WARN_DOCUMENTATION_COMMENTS = YES;
				CLANG_WARN_EMPTY_BODY = YES;
				CLANG_WARN_ENUM_CONVERSION = YES;
				CLANG_WARN_INFINITE_RECURSION = YES;
				CLANG_WARN_INT_CONVERSION = YES;
				CLANG_WARN_NON_LITERAL_NULL_CONVERSION = YES;
				CLANG_WARN_OBJC_IMPLICIT_RETAIN_SELF = YES;
				CLANG_WARN_OBJC_LITERAL_CONVERSION = YES;
				CLANG_WARN_OBJC_ROOT_CLASS = YES_ERROR;
				CLANG_WARN_RANGE_LOOP_ANALYSIS = YES;
				CLANG_WARN_STRICT_PROTOTYPES = YES;
				CLANG_WARN_SUSPICIOUS_MOVE = YES;
				CLANG_WARN_UNGUARDED_AVAILABILITY = YES_AGGRESSIVE;
				CLANG_WARN_UNREACHABLE_CODE = YES;
				CLANG_WARN__DUPLICATE_METHOD_MATCH = YES;
				CODE_SIGN_IDENTITY = "iPhone Developer";
				COPY_PHASE_STRIP = NO;
				DEBUG_INFORMATION_FORMAT = "dwarf-with-dsym";
				ENABLE_NS_ASSERTIONS = NO;
				ENABLE_STRICT_OBJC_MSGSEND = YES;
				GCC_C_LANGUAGE_STANDARD = gnu11;
				GCC_NO_COMMON_BLOCKS = YES;
				GCC_WARN_64_TO_32_BIT_CONVERSION = YES;
				GCC_WARN_ABOUT_RETURN_TYPE = YES_ERROR;
				GCC_WARN_UNDECLARED_SELECTOR = YES;
				GCC_WARN_UNINITIALIZED_AUTOS = YES_AGGRESSIVE;
				GCC_WARN_UNUSED_FUNCTION = YES;
				GCC_WARN_UNUSED_VARIABLE = YES;
				IPHONEOS_DEPLOYMENT_TARGET = 11.4;
				MTL_ENABLE_DEBUG_INFO = NO;
				SDKROOT = iphoneos;
				SWIFT_COMPILATION_MODE = wholemodule;
				SWIFT_OPTIMIZATION_LEVEL = "-O";
				VALIDATE_PRODUCT = YES;
			};
			name = Release;
		};
		38A5D00B211940E80061EA85 /* Debug */ = {
			isa = XCBuildConfiguration;
			buildSettings = {
				ASSETCATALOG_COMPILER_APPICON_NAME = AppIcon;
				CODE_SIGN_STYLE = Automatic;
				DEVELOPMENT_TEAM = S2V96BB45E;
				INFOPLIST_FILE = "Color Magic/Info.plist";
				LD_RUNPATH_SEARCH_PATHS = (
					"$(inherited)",
					"@executable_path/Frameworks",
				);
				PRODUCT_BUNDLE_IDENTIFIER = "com.devslopes.Color-Magic";
				PRODUCT_NAME = "$(TARGET_NAME)";
				SWIFT_VERSION = 4.0;
				TARGETED_DEVICE_FAMILY = "1,2";
			};
			name = Debug;
		};
		38A5D00C211940E80061EA85 /* Release */ = {
			isa = XCBuildConfiguration;
			buildSettings = {
				ASSETCATALOG_COMPILER_APPICON_NAME = AppIcon;
				CODE_SIGN_STYLE = Automatic;
				DEVELOPMENT_TEAM = S2V96BB45E;
				INFOPLIST_FILE = "Color Magic/Info.plist";
				LD_RUNPATH_SEARCH_PATHS = (
					"$(inherited)",
					"@executable_path/Frameworks",
				);
				PRODUCT_BUNDLE_IDENTIFIER = "com.devslopes.Color-Magic";
				PRODUCT_NAME = "$(TARGET_NAME)";
				SWIFT_VERSION = 4.0;
				TARGETED_DEVICE_FAMILY = "1,2";
			};
			name = Release;
		};
/* End XCBuildConfiguration section */

/* Begin XCConfigurationList section */
		38A5CFF3211940E60061EA85 /* Build configuration list for PBXProject "Color Magic" */ = {
			isa = XCConfigurationList;
			buildConfigurations = (
				38A5D008211940E80061EA85 /* Debug */,
				38A5D009211940E80061EA85 /* Release */,
			);
			defaultConfigurationIsVisible = 0;
			defaultConfigurationName = Release;
		};
		38A5D00A211940E80061EA85 /* Build configuration list for PBXNativeTarget "Color Magic" */ = {
			isa = XCConfigurationList;
			buildConfigurations = (
				38A5D00B211940E80061EA85 /* Debug */,
				38A5D00C211940E80061EA85 /* Release */,
			);
			defaultConfigurationIsVisible = 0;
			defaultConfigurationName = Release;
		};
/* End XCConfigurationList section */
	};
	rootObject = 38A5CFF0211940E60061EA85 /* Project object */;
}
